
Microsoft Visual Studio Solution File, Format Version 12.00
# Visual Studio Version 16
VisualStudioVersion = 16.0.30105.148
MinimumVisualStudioVersion = 10.0.40219.1
Project("{FAE04EC0-301F-11D3-BF4B-00C04F79EFBC}") = "MainForm", "MainForm\MainForm.csproj", "{68902A0A-B437-4F22-BCF9-958AEF9D2791}"
EndProject
Project("{FAE04EC0-301F-11D3-BF4B-00C04F79EFBC}") = "ExtensionAttributes", "ExtensionAttributes\ExtensionAttributes.csproj", "{2DCF5106-17BA-44B4-AB61-2075EDB74957}"
EndProject
Project("{FAE04EC0-301F-11D3-BF4B-00C04F79EFBC}") = "ToolExtension", "ToolExtension\ToolExtension.csproj", "{B4D2CD46-4552-4BF2-BB6D-5EA3A21903C8}"
EndProject
Project("{FAE04EC0-301F-11D3-BF4B-00C04F79EFBC}") = "TabExtension", "Tabs\TabExtension.csproj", "{0954FECC-7715-4FAF-B0D6-32D156221932}"
EndProject
Project("{FAE04EC0-301F-11D3-BF4B-00C04F79EFBC}") = "labalib", "labalib\labalib.csproj", "{93CF37B6-42B3-4987-A086-7F837B0C27A6}"
EndProject
Project("{FAE04EC0-301F-11D3-BF4B-00C04F79EFBC}") = "laba1", "laba1\laba1.csproj", "{FFB022B7-E870-459C-81EB-89E6A847B228}"
EndProject
Project("{FAE04EC0-301F-11D3-BF4B-00C04F79EFBC}") = "laba1lib", "laba1lib\laba1lib.csproj", "{083038D6-1AE1-49E7-9380-EFCCB3BF5851}"
EndProject
Project("{FAE04EC0-301F-11D3-BF4B-00C04F79EFBC}") = "vertical", "vertical\vertical.csproj", "{EFB50CF3-ED5A-4C6A-B462-78EFA31DD8CB}"
EndProject
Global
	GlobalSection(SolutionConfigurationPlatforms) = preSolution
		Debug|Any CPU = Debug|Any CPU
		Debug|x86 = Debug|x86
		Release|Any CPU = Release|Any CPU
		Release|x86 = Release|x86
	EndGlobalSection
	GlobalSection(ProjectConfigurationPlatforms) = postSolution
		{68902A0A-B437-4F22-BCF9-958AEF9D2791}.Debug|Any CPU.ActiveCfg = Debug|Any CPU
		{68902A0A-B437-4F22-BCF9-958AEF9D2791}.Debug|Any CPU.Build.0 = Debug|Any CPU
		{68902A0A-B437-4F22-BCF9-958AEF9D2791}.Debug|x86.ActiveCfg = Debug|Any CPU
		{68902A0A-B437-4F22-BCF9-958AEF9D2791}.Debug|x86.Build.0 = Debug|Any CPU
		{68902A0A-B437-4F22-BCF9-958AEF9D2791}.Release|Any CPU.ActiveCfg = Release|Any CPU
		{68902A0A-B437-4F22-BCF9-958AEF9D2791}.Release|Any CPU.Build.0 = Release|Any CPU
		{68902A0A-B437-4F22-BCF9-958AEF9D2791}.Release|x86.ActiveCfg = Release|Any CPU
		{68902A0A-B437-4F22-BCF9-958AEF9D2791}.Release|x86.Build.0 = Release|Any CPU
		{2DCF5106-17BA-44B4-AB61-2075EDB74957}.Debug|Any CPU.ActiveCfg = Debug|Any CPU
		{2DCF5106-17BA-44B4-AB61-2075EDB74957}.Debug|Any CPU.Build.0 = Debug|Any CPU
		{2DCF5106-17BA-44B4-AB61-2075EDB74957}.Debug|x86.ActiveCfg = Debug|Any CPU
		{2DCF5106-17BA-44B4-AB61-2075EDB74957}.Debug|x86.Build.0 = Debug|Any CPU
		{2DCF5106-17BA-44B4-AB61-2075EDB74957}.Release|Any CPU.ActiveCfg = Release|Any CPU
		{2DCF5106-17BA-44B4-AB61-2075EDB74957}.Release|Any CPU.Build.0 = Release|Any CPU
		{2DCF5106-17BA-44B4-AB61-2075EDB74957}.Release|x86.ActiveCfg = Release|Any CPU
		{2DCF5106-17BA-44B4-AB61-2075EDB74957}.Release|x86.Build.0 = Release|Any CPU
		{B4D2CD46-4552-4BF2-BB6D-5EA3A21903C8}.Debug|Any CPU.ActiveCfg = Debug|Any CPU
		{B4D2CD46-4552-4BF2-BB6D-5EA3A21903C8}.Debug|Any CPU.Build.0 = Debug|Any CPU
		{B4D2CD46-4552-4BF2-BB6D-5EA3A21903C8}.Debug|x86.ActiveCfg = Debug|Any CPU
		{B4D2CD46-4552-4BF2-BB6D-5EA3A21903C8}.Debug|x86.Build.0 = Debug|Any CPU
		{B4D2CD46-4552-4BF2-BB6D-5EA3A21903C8}.Release|Any CPU.ActiveCfg = Release|Any CPU
		{B4D2CD46-4552-4BF2-BB6D-5EA3A21903C8}.Release|Any CPU.Build.0 = Release|Any CPU
		{B4D2CD46-4552-4BF2-BB6D-5EA3A21903C8}.Release|x86.ActiveCfg = Release|Any CPU
		{B4D2CD46-4552-4BF2-BB6D-5EA3A21903C8}.Release|x86.Build.0 = Release|Any CPU
		{0954FECC-7715-4FAF-B0D6-32D156221932}.Debug|Any CPU.ActiveCfg = Debug|Any CPU
		{0954FECC-7715-4FAF-B0D6-32D156221932}.Debug|Any CPU.Build.0 = Debug|Any CPU
		{0954FECC-7715-4FAF-B0D6-32D156221932}.Debug|x86.ActiveCfg = Debug|Any CPU
		{0954FECC-7715-4FAF-B0D6-32D156221932}.Debug|x86.Build.0 = Debug|Any CPU
		{0954FECC-7715-4FAF-B0D6-32D156221932}.Release|Any CPU.ActiveCfg = Release|Any CPU
		{0954FECC-7715-4FAF-B0D6-32D156221932}.Release|Any CPU.Build.0 = Release|Any CPU
		{0954FECC-7715-4FAF-B0D6-32D156221932}.Release|x86.ActiveCfg = Release|Any CPU
		{0954FECC-7715-4FAF-B0D6-32D156221932}.Release|x86.Build.0 = Release|Any CPU
		{93CF37B6-42B3-4987-A086-7F837B0C27A6}.Debug|Any CPU.ActiveCfg = Debug|Any CPU
		{93CF37B6-42B3-4987-A086-7F837B0C27A6}.Debug|Any CPU.Build.0 = Debug|Any CPU
		{93CF37B6-42B3-4987-A086-7F837B0C27A6}.Debug|x86.ActiveCfg = Debug|Any CPU
		{93CF37B6-42B3-4987-A086-7F837B0C27A6}.Debug|x86.Build.0 = Debug|Any CPU
		{93CF37B6-42B3-4987-A086-7F837B0C27A6}.Release|Any CPU.ActiveCfg = Release|Any CPU
		{93CF37B6-42B3-4987-A086-7F837B0C27A6}.Release|Any CPU.Build.0 = Release|Any CPU
		{93CF37B6-42B3-4987-A086-7F837B0C27A6}.Release|x86.ActiveCfg = Release|Any CPU
		{93CF37B6-42B3-4987-A086-7F837B0C27A6}.Release|x86.Build.0 = Release|Any CPU
		{FFB022B7-E870-459C-81EB-89E6A847B228}.Debug|Any CPU.ActiveCfg = Debug|Any CPU
		{FFB022B7-E870-459C-81EB-89E6A847B228}.Debug|Any CPU.Build.0 = Debug|Any CPU
		{FFB022B7-E870-459C-81EB-89E6A847B228}.Debug|x86.ActiveCfg = Debug|Any CPU
		{FFB022B7-E870-459C-81EB-89E6A847B228}.Debug|x86.Build.0 = Debug|Any CPU
		{FFB022B7-E870-459C-81EB-89E6A847B228}.Release|Any CPU.ActiveCfg = Release|Any CPU
		{FFB022B7-E870-459C-81EB-89E6A847B228}.Release|Any CPU.Build.0 = Release|Any CPU
		{FFB022B7-E870-459C-81EB-89E6A847B228}.Release|x86.ActiveCfg = Release|Any CPU
		{FFB022B7-E870-459C-81EB-89E6A847B228}.Release|x86.Build.0 = Release|Any CPU
		{083038D6-1AE1-49E7-9380-EFCCB3BF5851}.Debug|Any CPU.ActiveCfg = Debug|Any CPU
		{083038D6-1AE1-49E7-9380-EFCCB3BF5851}.Debug|Any CPU.Build.0 = Debug|Any CPU
		{083038D6-1AE1-49E7-9380-EFCCB3BF5851}.Debug|x86.ActiveCfg = Debug|Any CPU
		{083038D6-1AE1-49E7-9380-EFCCB3BF5851}.Debug|x86.Build.0 = Debug|Any CPU
		{083038D6-1AE1-49E7-9380-EFCCB3BF5851}.Release|Any CPU.ActiveCfg = Release|Any CPU
		{083038D6-1AE1-49E7-9380-EFCCB3BF5851}.Release|Any CPU.Build.0 = Release|Any CPU
		{083038D6-1AE1-49E7-9380-EFCCB3BF5851}.Release|x86.ActiveCfg = Release|Any CPU
		{083038D6-1AE1-49E7-9380-EFCCB3BF5851}.Release|x86.Build.0 = Release|Any CPU
		{EFB50CF3-ED5A-4C6A-B462-78EFA31DD8CB}.Debug|Any CPU.ActiveCfg = Debug|Any CPU
		{EFB50CF3-ED5A-4C6A-B462-78EFA31DD8CB}.Debug|Any CPU.Build.0 = Debug|Any CPU
		{EFB50CF3-ED5A-4C6A-B462-78EFA31DD8CB}.Debug|x86.ActiveCfg = Debug|Any CPU
		{EFB50CF3-ED5A-4C6A-B462-78EFA31DD8CB}.Debug|x86.Build.0 = Debug|Any CPU
		{EFB50CF3-ED5A-4C6A-B462-78EFA31DD8CB}.Release|Any CPU.ActiveCfg = Release|Any CPU
		{EFB50CF3-ED5A-4C6A-B462-78EFA31DD8CB}.Release|Any CPU.Build.0 = Release|Any CPU
		{EFB50CF3-ED5A-4C6A-B462-78EFA31DD8CB}.Release|x86.ActiveCfg = Release|Any CPU
		{EFB50CF3-ED5A-4C6A-B462-78EFA31DD8CB}.Release|x86.Build.0 = Release|Any CPU
	EndGlobalSection
	GlobalSection(SolutionProperties) = preSolution
		HideSolutionNode = FALSE
	EndGlobalSection
	GlobalSection(ExtensibilityGlobals) = postSolution
		SolutionGuid = {D0D37320-7077-4AB5-A194-A54D39FA059E}
	EndGlobalSection
EndGlobal
